
Microsoft Visual Studio Solution File, Format Version 12.00
# Visual Studio 15
Project("{FAE04EC0-301F-11D3-BF4B-00C04F79EFBC}") = "UnityEngine.UI", "UnityEngine.UI.csproj", "{3E3D9C20-C820-84D1-A5F8-914E52B7D7F1}"
EndProject
Project("{FAE04EC0-301F-11D3-BF4B-00C04F79EFBC}") = "Unity.2D.Tilemap.Editor", "Unity.2D.Tilemap.Editor.csproj", "{C1281A07-74A9-5373-A323-0F5F4CEDB749}"
EndProject
Project("{FAE04EC0-301F-11D3-BF4B-00C04F79EFBC}") = "Unity.2D.Sprite.Editor", "Unity.2D.Sprite.Editor.csproj", "{83215371-2847-8DF9-397B-E9B3705AE696}"
EndProject
Project("{FAE04EC0-301F-11D3-BF4B-00C04F79EFBC}") = "UnityEditor.UI", "UnityEditor.UI.csproj", "{A4C9B0C8-A7E7-EED1-89AD-5A63EAE8AD99}"
EndProject
Global
	GlobalSection(SolutionConfigurationPlatforms) = preSolution
		Debug|Any CPU = Debug|Any CPU
		Release|Any CPU = Release|Any CPU
	EndGlobalSection
	GlobalSection(ProjectConfigurationPlatforms) = postSolution
		{3E3D9C20-C820-84D1-A5F8-914E52B7D7F1}.Debug|Any CPU.ActiveCfg = Debug|Any CPU
		{3E3D9C20-C820-84D1-A5F8-914E52B7D7F1}.Debug|Any CPU.Build.0 = Debug|Any CPU
		{3E3D9C20-C820-84D1-A5F8-914E52B7D7F1}.Release|Any CPU.ActiveCfg = Release|Any CPU
		{3E3D9C20-C820-84D1-A5F8-914E52B7D7F1}.Release|Any CPU.Build.0 = Release|Any CPU
		{C1281A07-74A9-5373-A323-0F5F4CEDB749}.Debug|Any CPU.ActiveCfg = Debug|Any CPU
		{C1281A07-74A9-5373-A323-0F5F4CEDB749}.Debug|Any CPU.Build.0 = Debug|Any CPU
		{C1281A07-74A9-5373-A323-0F5F4CEDB749}.Release|Any CPU.ActiveCfg = Release|Any CPU
		{C1281A07-74A9-5373-A323-0F5F4CEDB749}.Release|Any CPU.Build.0 = Release|Any CPU
		{83215371-2847-8DF9-397B-E9B3705AE696}.Debug|Any CPU.ActiveCfg = Debug|Any CPU
		{83215371-2847-8DF9-397B-E9B3705AE696}.Debug|Any CPU.Build.0 = Debug|Any CPU
		{83215371-2847-8DF9-397B-E9B3705AE696}.Release|Any CPU.ActiveCfg = Release|Any CPU
		{83215371-2847-8DF9-397B-E9B3705AE696}.Release|Any CPU.Build.0 = Release|Any CPU
		{A4C9B0C8-A7E7-EED1-89AD-5A63EAE8AD99}.Debug|Any CPU.ActiveCfg = Debug|Any CPU
		{A4C9B0C8-A7E7-EED1-89AD-5A63EAE8AD99}.Debug|Any CPU.Build.0 = Debug|Any CPU
		{A4C9B0C8-A7E7-EED1-89AD-5A63EAE8AD99}.Release|Any CPU.ActiveCfg = Release|Any CPU
		{A4C9B0C8-A7E7-EED1-89AD-5A63EAE8AD99}.Release|Any CPU.Build.0 = Release|Any CPU
	EndGlobalSection
	GlobalSection(SolutionProperties) = preSolution
		HideSolutionNode = FALSE
	EndGlobalSection
EndGlobal
